<?xml version="1.0" encoding="UTF-8" standalone="yes" ?>
<CodeBlocks_project_file>
	<FileVersion major="1" minor="6" />
	<Project>
		<Option title="libnmos" />
		<Option pch_mode="2" />
		<Option compiler="gcc" />
		<Option virtualFolders="nmos/;" />
		<Build>
			<Target title="Linux Debug">
				<Option output="lib/nmosd" prefix_auto="1" extension_auto="1" />
				<Option object_output="obj/Debug/" />
				<Option type="3" />
				<Option compiler="gcc" />
				<Option createDefFile="1" />
				<Option createStaticLib="1" />
				<Compiler>
					<Add option="-std=c++11" />
					<Add option="-g" />
					<Add option="-D__GNU__" />
				</Compiler>
				<Linker>
					<Add option="`pkg-config --libs libmicrohttpd`" />
					<Add option="`pkg-config --libs avahi-client`" />
					<Add option="`pkg-config --libs uuid`" />
					<Add option="`pkg-config --libs libcurl`" />
				</Linker>
			</Target>
			<Target title="Linux Release">
				<Option output="lib/nmos" prefix_auto="1" extension_auto="1" />
				<Option object_output="obj/Release/" />
				<Option type="3" />
				<Option compiler="gcc" />
				<Option createDefFile="1" />
				<Option createStaticLib="1" />
				<Compiler>
					<Add option="-O2" />
					<Add option="-std=c++11" />
					<Add option="-D__GNU__" />
				</Compiler>
				<Linker>
					<Add option="-s" />
					<Add option="`pkg-config --libs libmicrohttpd`" />
					<Add option="`pkg-config --libs avahi-client`" />
					<Add option="`pkg-config --libs uuid`" />
					<Add option="`pkg-config --libs libcurl`" />
				</Linker>
			</Target>
		</Build>
		<Compiler>
			<Add option="-Wall" />
			<Add option="-fexceptions" />
			<Add directory="$(#json.include)" />
		</Compiler>
		<Unit filename="../jsoncpp-master/dist/jsoncpp.cpp" />
		<Unit filename="avahibrowser.cpp" />
		<Unit filename="avahibrowser.h" />
		<Unit filename="avahipublisher.cpp" />
		<Unit filename="avahipublisher.h" />
		<Unit filename="connection.cpp" />
		<Unit filename="connection.h" />
		<Unit filename="constraint.cpp" />
		<Unit filename="constraint.h" />
		<Unit filename="curlregister.cpp" />
		<Unit filename="curlregister.h" />
		<Unit filename="device.cpp" />
		<Unit filename="device.h" />
		<Unit filename="eventposter.cpp" />
		<Unit filename="eventposter.h">
			<Option virtualFolder="nmos/" />
		</Unit>
		<Unit filename="flow.cpp" />
		<Unit filename="flow.h" />
		<Unit filename="flowaudio.cpp" />
		<Unit filename="flowaudio.h" />
		<Unit filename="flowaudiocoded.cpp" />
		<Unit filename="flowaudiocoded.h" />
		<Unit filename="flowaudioraw.cpp" />
		<Unit filename="flowaudioraw.h" />
		<Unit filename="flowdata.cpp" />
		<Unit filename="flowdata.h" />
		<Unit filename="flowdatasdianc.cpp" />
		<Unit filename="flowdatasdianc.h" />
		<Unit filename="flowmux.cpp" />
		<Unit filename="flowmux.h" />
		<Unit filename="flowvideo.cpp" />
		<Unit filename="flowvideo.h" />
		<Unit filename="flowvideocoded.cpp" />
		<Unit filename="flowvideocoded.h" />
		<Unit filename="flowvideoraw.cpp" />
		<Unit filename="flowvideoraw.h" />
		<Unit filename="log.cpp" />
		<Unit filename="log.h" />
		<Unit filename="mdns.h" />
		<Unit filename="microserver.cpp" />
		<Unit filename="microserver.h" />
		<Unit filename="nmosthread.cpp" />
		<Unit filename="nmosthread.h" />
		<Unit filename="nodeapi.cpp" />
		<Unit filename="nodeapi.h" />
		<Unit filename="receiver.cpp" />
		<Unit filename="receiver.h" />
		<Unit filename="resource.cpp" />
		<Unit filename="resource.h" />
		<Unit filename="resourceholder.cpp" />
		<Unit filename="resourceholder.h" />
		<Unit filename="self.cpp" />
		<Unit filename="self.h" />
		<Unit filename="sender.cpp" />
		<Unit filename="sender.h" />
		<Unit filename="source.cpp" />
		<Unit filename="source.h" />
		<Unit filename="sourceaudio.cpp" />
		<Unit filename="sourceaudio.h" />
		<Unit filename="sourcegeneric.cpp" />
		<Unit filename="sourcegeneric.h" />
		<Unit filename="timeofday.h" />
		<Unit filename="transportparams.cpp" />
		<Unit filename="transportparams.h" />
		<Extensions>
			<code_completion />
			<envvars />
			<debugger />
			<lib_finder disable_auto="1" />
		</Extensions>
	</Project>
</CodeBlocks_project_file>
