<?xml version="1.0" encoding="UTF-8" standalone="yes" ?>
<CodeBlocks_project_file>
	<FileVersion major="1" minor="6" />
	<Project>
		<Option title="libnmos" />
		<Option pch_mode="2" />
		<Option compiler="gcc" />
		<Option virtualFolders="nmos/;" />
		<Build>
			<Target title="Linux Debug">
				<Option output="lib/nmosd" prefix_auto="1" extension_auto="1" />
				<Option object_output="obj/Debug/" />
				<Option type="3" />
				<Option compiler="gcc" />
				<Option createDefFile="1" />
				<Option createStaticLib="1" />
				<Compiler>
					<Add option="-std=c++11" />
					<Add option="-g" />
					<Add option="-D__GNU__" />
				</Compiler>
				<Linker>
					<Add option="`pkg-config --libs libmicrohttpd`" />
					<Add option="`pkg-config --libs avahi-client`" />
					<Add option="`pkg-config --libs uuid`" />
					<Add option="`pkg-config --libs libcurl`" />
				</Linker>
			</Target>
			<Target title="Linux Release">
				<Option output="lib/nmos" prefix_auto="1" extension_auto="1" />
				<Option object_output="obj/Release/" />
				<Option type="3" />
				<Option compiler="gcc" />
				<Option createDefFile="1" />
				<Option createStaticLib="1" />
				<Compiler>
					<Add option="-O2" />
					<Add option="-std=c++11" />
					<Add option="-D__GNU__" />
				</Compiler>
				<Linker>
					<Add option="-s" />
					<Add option="`pkg-config --libs libmicrohttpd`" />
					<Add option="`pkg-config --libs avahi-client`" />
					<Add option="`pkg-config --libs uuid`" />
					<Add option="`pkg-config --libs libcurl`" />
				</Linker>
			</Target>
		</Build>
		<Compiler>
			<Add option="-Wall" />
			<Add option="-fexceptions" />
			<Add directory="$(#json.include)" />
			<Add directory="include" />
		</Compiler>
		<Unit filename="../jsoncpp-master/dist/jsoncpp.cpp" />
		<Unit filename="include/avahibrowser.h" />
		<Unit filename="include/avahipublisher.h" />
		<Unit filename="include/connection.h" />
		<Unit filename="include/constraint.h" />
		<Unit filename="include/curlregister.h" />
		<Unit filename="include/device.h" />
		<Unit filename="include/eventposter.h">
			<Option virtualFolder="nmos/" />
		</Unit>
		<Unit filename="include/flow.h" />
		<Unit filename="include/flowaudio.h" />
		<Unit filename="include/flowaudiocoded.h" />
		<Unit filename="include/flowaudioraw.h" />
		<Unit filename="include/flowdata.h" />
		<Unit filename="include/flowdatasdianc.h" />
		<Unit filename="include/flowmux.h" />
		<Unit filename="include/flowvideo.h" />
		<Unit filename="include/flowvideocoded.h" />
		<Unit filename="include/flowvideoraw.h" />
		<Unit filename="include/log.h" />
		<Unit filename="include/mdns.h" />
		<Unit filename="include/microserver.h" />
		<Unit filename="include/nmosthread.h" />
		<Unit filename="include/nodeapi.h" />
		<Unit filename="include/receiver.h" />
		<Unit filename="include/registryapi.h" />
		<Unit filename="include/registryholder.h" />
		<Unit filename="include/registryserver.h" />
		<Unit filename="include/resource.h" />
		<Unit filename="include/resourceholder.h" />
		<Unit filename="include/sdp.h" />
		<Unit filename="include/self.h" />
		<Unit filename="include/sender.h" />
		<Unit filename="include/source.h" />
		<Unit filename="include/sourceaudio.h" />
		<Unit filename="include/sourcegeneric.h" />
		<Unit filename="include/transportparams.h" />
		<Unit filename="include/utils.h" />
		<Unit filename="src/avahibrowser.cpp" />
		<Unit filename="src/avahipublisher.cpp" />
		<Unit filename="src/connection.cpp" />
		<Unit filename="src/constraint.cpp" />
		<Unit filename="src/curlregister.cpp" />
		<Unit filename="src/device.cpp" />
		<Unit filename="src/eventposter.cpp" />
		<Unit filename="src/flow.cpp" />
		<Unit filename="src/flowaudio.cpp" />
		<Unit filename="src/flowaudiocoded.cpp" />
		<Unit filename="src/flowaudioraw.cpp" />
		<Unit filename="src/flowdata.cpp" />
		<Unit filename="src/flowdatasdianc.cpp" />
		<Unit filename="src/flowmux.cpp" />
		<Unit filename="src/flowvideo.cpp" />
		<Unit filename="src/flowvideocoded.cpp" />
		<Unit filename="src/flowvideoraw.cpp" />
		<Unit filename="src/log.cpp" />
		<Unit filename="src/microserver.cpp" />
		<Unit filename="src/nmosthread.cpp" />
		<Unit filename="src/nodeapi.cpp" />
		<Unit filename="src/receiver.cpp" />
		<Unit filename="src/registryapi.cpp" />
		<Unit filename="src/registryholder.cpp" />
		<Unit filename="src/registryserver.cpp" />
		<Unit filename="src/resource.cpp" />
		<Unit filename="src/resourceholder.cpp" />
		<Unit filename="src/sdp.cpp" />
		<Unit filename="src/self.cpp" />
		<Unit filename="src/sender.cpp" />
		<Unit filename="src/source.cpp" />
		<Unit filename="src/sourceaudio.cpp" />
		<Unit filename="src/sourcegeneric.cpp" />
		<Unit filename="src/transportparams.cpp" />
		<Unit filename="src/utils.cpp" />
		<Extensions>
			<code_completion />
			<envvars />
			<debugger />
			<lib_finder disable_auto="1" />
		</Extensions>
	</Project>
</CodeBlocks_project_file>
