<?xml version="1.0" encoding="UTF-8" standalone="yes" ?>
<CodeBlocks_project_file>
	<FileVersion major="1" minor="6" />
	<Project>
		<Option title="libnmos_client" />
		<Option pch_mode="2" />
		<Option compiler="gcc" />
		<Build>
			<Target title="Linux Debug">
				<Option platforms="Unix;" />
				<Option output="lib/nmos_clientd" prefix_auto="1" extension_auto="1" />
				<Option object_output="obj/Debug/" />
				<Option type="3" />
				<Option compiler="gcc" />
				<Option createDefFile="1" />
				<Option createStaticLib="1" />
				<Compiler>
					<Add option="-std=c++14" />
					<Add option="-g" />
					<Add option="-D__GNU__" />
				</Compiler>
				<Linker>
					<Add option="`pkg-config --libs avahi-client`" />
					<Add option="`pkg-config --libs uuid`" />
					<Add option="`pkg-config --libs libcurl`" />
					<Add library="pml_logd" />
					<Add library="atomic" />
					<Add library="restgoosed" />
					<Add library="pthread" />
				</Linker>
			</Target>
			<Target title="Linux Release">
				<Option platforms="Unix;" />
				<Option output="lib/nmos_client" prefix_auto="1" extension_auto="1" />
				<Option object_output="obj/Release/" />
				<Option type="3" />
				<Option compiler="gcc" />
				<Option createDefFile="1" />
				<Option createStaticLib="1" />
				<Compiler>
					<Add option="-O3" />
					<Add option="-std=c++14" />
					<Add option="-pthread" />
					<Add option="-D__GNU__" />
				</Compiler>
				<Linker>
					<Add option="-s" />
					<Add option="`pkg-config --libs avahi-client`" />
					<Add option="`pkg-config --libs libcurl`" />
					<Add library="atomic" />
					<Add library="restgoose" />
					<Add library="pthread" />
					<Add library="pml_log" />
				</Linker>
			</Target>
			<Target title="Windows Debug">
				<Option platforms="Windows;" />
				<Option output="lib/libnmosd" prefix_auto="1" extension_auto="1" />
				<Option object_output="obj/Debug/" />
				<Option type="3" />
				<Option compiler="new_gnu_gcc_compiler" />
				<Option createDefFile="1" />
				<Option createStaticLib="1" />
				<Compiler>
					<Add option="-O3" />
					<Add option="-std=c++14" />
					<Add option="-pthread" />
					<Add option="-D__GNU__" />
				</Compiler>
				<Linker>
					<Add option="-s" />
					<Add option="`pkg-config --libs avahi-client`" />
					<Add option="`pkg-config --libs libcurl`" />
					<Add library="atomic" />
					<Add library="restgoose" />
					<Add library="pthread" />
				</Linker>
			</Target>
			<Target title="Windows Release">
				<Option platforms="Windows;" />
				<Option output="lib/libnmos" prefix_auto="1" extension_auto="1" />
				<Option object_output="obj/Release/" />
				<Option type="3" />
				<Option compiler="new_gnu_gcc_compiler" />
				<Option createDefFile="1" />
				<Option createStaticLib="1" />
				<Option projectCompilerOptionsRelation="-1" />
				<Option projectLinkerOptionsRelation="-1" />
				<Option projectIncludeDirsRelation="-1" />
				<Option projectLibDirsRelation="-1" />
				<MakeCommands>
					<Build command="" />
					<CompileFile command="" />
					<Clean command="" />
					<DistClean command="" />
					<AskRebuildNeeded command="" />
					<SilentBuild command=" &gt; $(CMD_NULL)" />
				</MakeCommands>
			</Target>
		</Build>
		<Compiler>
			<Add option="-Wall" />
			<Add option="-std=c++1z" />
			<Add option="-fexceptions" />
			<Add option="-DNMOS_EXPORT" />
			<Add option="-DMG_ENABLE_HTTP_STREAMING_MULTIPART" />
			<Add option="-DNMOS_CLIENT_API" />
			<Add directory="external/jsoncpp" />
			<Add directory="include" />
			<Add directory="external/uuid" />
			<Add directory="external/mongoose" />
			<Add directory="../Restgoose" />
			<Add directory="../log/include" />
		</Compiler>
		<Linker>
			<Add directory="../Restgoose/lib" />
			<Add directory="../log/lib" />
		</Linker>
		<Unit filename="include/clientapi.h" />
		<Unit filename="include/clientapiposter.h" />
		<Unit filename="include/clientholder.h" />
		<Unit filename="include/clientposter.h" />
		<Unit filename="include/clientprivate.h" />
		<Unit filename="src/clientapi.cpp" />
		<Unit filename="src/clientapiposter.cpp" />
		<Unit filename="src/clientholder.cpp" />
		<Unit filename="src/clientposter.cpp" />
		<Unit filename="src/clientprivate.cpp" />
		<Extensions>
			<code_completion />
			<envvars />
			<debugger />
			<lib_finder disable_auto="1" />
		</Extensions>
	</Project>
</CodeBlocks_project_file>
