<?xml version="1.0" encoding="UTF-8" standalone="yes" ?>
<CodeBlocks_project_file>
	<FileVersion major="1" minor="6" />
	<Project>
		<Option title="nmos_node_test" />
		<Option pch_mode="2" />
		<Option compiler="gcc" />
		<Build>
			<Target title="Windows Debug">
				<Option platforms="Windows;" />
				<Option output="bin/Debug/nmos_node_test" prefix_auto="1" extension_auto="1" />
				<Option object_output="obj/Debug/" />
				<Option type="1" />
				<Option compiler="gcc" />
				<Compiler>
					<Add option="-std=c++11" />
					<Add option="-g" />
					<Add option="-D__WIN__" />
					<Add directory="$(#microhttp.include)" />
				</Compiler>
				<Linker>
					<Add library="ole32" />
					<Add library="libmicrohttpd-12" />
					<Add directory="$(#microhttp.lib)" />
				</Linker>
			</Target>
			<Target title="Windows Release">
				<Option platforms="Windows;" />
				<Option output="bin/Release/nmos_node_test" prefix_auto="1" extension_auto="1" />
				<Option object_output="obj/Release/" />
				<Option type="1" />
				<Option compiler="gcc" />
				<Compiler>
					<Add option="-O2" />
					<Add option="-std=c++11" />
					<Add option="-D__GNU__" />
					<Add directory="$(#microhttp.include)" />
				</Compiler>
				<Linker>
					<Add option="-s" />
					<Add option="`pkg-config --libs libmicrohttpd`" />
					<Add option="`pkg-config --libs avahi-client`" />
					<Add option="`pkg-config --libs uuid`" />
					<Add directory="$(#microhttp.lib)" />
				</Linker>
			</Target>
			<Target title="Linux Debug">
				<Option platforms="Unix;" />
				<Option output="bin/Linux Debug/nmos_node_test" prefix_auto="1" extension_auto="1" />
				<Option object_output="obj/Debug/" />
				<Option type="1" />
				<Option compiler="gcc" />
				<Compiler>
					<Add option="-std=c++14" />
					<Add option="-g" />
					<Add option="-pthread" />
					<Add option="-D__GNU__" />
					<Add directory="$(#microhttp.include)" />
				</Compiler>
				<Linker>
					<Add option="`pkg-config --libs libmicrohttpd`" />
					<Add option="`pkg-config --libs avahi-client`" />
					<Add option="`pkg-config --libs uuid`" />
					<Add option="`pkg-config --libs libcurl`" />
					<Add library="lib/libnmosd.so" />
					<Add library="pthread" />
					<Add directory="$(#microhttp.lib)" />
				</Linker>
			</Target>
			<Target title="Linux Release">
				<Option platforms="Unix;" />
				<Option output="bin/Linux Release/nmos_node_test" prefix_auto="1" extension_auto="1" />
				<Option object_output="obj/Release/" />
				<Option type="1" />
				<Option compiler="gcc" />
				<Compiler>
					<Add option="-O2" />
					<Add option="-std=c++11" />
					<Add option="-D__GNU__" />
					<Add directory="$(#microhttp.include)" />
				</Compiler>
				<Linker>
					<Add option="-s" />
					<Add option="`pkg-config --libs libmicrohttpd`" />
					<Add option="`pkg-config --libs avahi-client`" />
					<Add option="`pkg-config --libs uuid`" />
					<Add option="`pkg-config --libs libcurl`" />
					<Add directory="$(#microhttp.lib)" />
				</Linker>
			</Target>
		</Build>
		<Compiler>
			<Add option="-Wall" />
			<Add option="-fexceptions" />
			<Add directory="$(#json.include)" />
		</Compiler>
		<Unit filename="main.cpp" />
		<Unit filename="threadposter.cpp" />
		<Unit filename="threadposter.h" />
		<Extensions>
			<code_completion />
			<envvars />
			<debugger />
		</Extensions>
	</Project>
</CodeBlocks_project_file>
